
Microsoft Visual Studio Solution File, Format Version 12.00
# Visual Studio Version 17
VisualStudioVersion = 17.5.33424.131
MinimumVisualStudioVersion = 10.0.40219.1
Project("{FAE04EC0-301F-11D3-BF4B-00C04F79EFBC}") = "WebApplication1", "WebApplication1\WebApplication1.csproj", "{DC01AAB5-345B-4295-9A53-8CA77526E119}"
EndProject
Global
	GlobalSection(SolutionConfigurationPlatforms) = preSolution
		Debug|Any CPU = Debug|Any CPU
		Release|Any CPU = Release|Any CPU
	EndGlobalSection
	GlobalSection(ProjectConfigurationPlatforms) = postSolution
		{DC01AAB5-345B-4295-9A53-8CA77526E119}.Debug|Any CPU.ActiveCfg = Debug|Any CPU
		{DC01AAB5-345B-4295-9A53-8CA77526E119}.Debug|Any CPU.Build.0 = Debug|Any CPU
		{DC01AAB5-345B-4295-9A53-8CA77526E119}.Release|Any CPU.ActiveCfg = Release|Any CPU
		{DC01AAB5-345B-4295-9A53-8CA77526E119}.Release|Any CPU.Build.0 = Release|Any CPU
	EndGlobalSection
	GlobalSection(SolutionProperties) = preSolution
		HideSolutionNode = FALSE
	EndGlobalSection
	GlobalSection(ExtensibilityGlobals) = postSolution
		SolutionGuid = {BC3F5774-F24F-428E-86A0-0316D86C50A1}
	EndGlobalSection
EndGlobal
